{
  "object": {
    "pins": [
      {
        "package": "swift-nio",
        "repositoryURL": "https://github.com/apple/swift-nio.git",
        "state": {
          "branch": null,
          "revision": "f6487a11d80bfb9a0a0a752b7442847c7e3a8253",
          "version": "2.12.0"
        }
      }
    ]
  },
  "version": 1
}
