{
  "object": {
    "pins": [
      {
        "package": "KeyboardObserving",
        "repositoryURL": "https://github.com/nickffox/KeyboardObserving.git",
        "state": {
          "branch": "master",
          "revision": "d3d67a4d07b411eac3055fdba71d71060181a605",
          "version": null
        }
      },
      {
        "package": "swift-nio",
        "repositoryURL": "https://github.com/apple/swift-nio.git",
        "state": {
          "branch": null,
          "revision": "f6487a11d80bfb9a0a0a752b7442847c7e3a8253",
          "version": "2.12.0"
        }
      }
    ]
  },
  "version": 1
}
